
Microsoft Visual Studio Solution File, Format Version 12.00
# Visual Studio Version 17
VisualStudioVersion = 17.0.32014.148
MinimumVisualStudioVersion = 10.0.40219.1
Project("{FAE04EC0-301F-11D3-BF4B-00C04F79EFBC}") = "CSVHelperAndJson", "CSVHelperAndJson\CSVHelperAndJson.csproj", "{EAEC0E11-9715-4DEC-AACB-1DFB6FC89F50}"
EndProject
Global
	GlobalSection(SolutionConfigurationPlatforms) = preSolution
		Debug|Any CPU = Debug|Any CPU
		Release|Any CPU = Release|Any CPU
	EndGlobalSection
	GlobalSection(ProjectConfigurationPlatforms) = postSolution
		{EAEC0E11-9715-4DEC-AACB-1DFB6FC89F50}.Debug|Any CPU.ActiveCfg = Debug|Any CPU
		{EAEC0E11-9715-4DEC-AACB-1DFB6FC89F50}.Debug|Any CPU.Build.0 = Debug|Any CPU
		{EAEC0E11-9715-4DEC-AACB-1DFB6FC89F50}.Release|Any CPU.ActiveCfg = Release|Any CPU
		{EAEC0E11-9715-4DEC-AACB-1DFB6FC89F50}.Release|Any CPU.Build.0 = Release|Any CPU
	EndGlobalSection
	GlobalSection(SolutionProperties) = preSolution
		HideSolutionNode = FALSE
	EndGlobalSection
	GlobalSection(ExtensibilityGlobals) = postSolution
		SolutionGuid = {54B777BA-D96A-41AB-807E-C29D76F2D19B}
	EndGlobalSection
EndGlobal
